
Microsoft Visual Studio Solution File, Format Version 12.00
# Visual Studio 14
VisualStudioVersion = 14.0.24720.0
MinimumVisualStudioVersion = 10.0.40219.1
Project("{FAE04EC0-301F-11D3-BF4B-00C04F79EFBC}") = "CLTWebUI", "CLTWebUI\CLTWebUI.csproj", "{FF375E57-B722-4EF7-8BF3-E8895C087A7C}"
EndProject
Project("{FAE04EC0-301F-11D3-BF4B-00C04F79EFBC}") = "CLT", "CLT\CLT.csproj", "{BD6E2200-E691-4100-85E9-BFF1B2EC7625}"
EndProject
Project("{00D1A9C2-B5F0-4AF3-8072-F6C62B433612}") = "CLTDatabase", "CLTDatabase\CLTDatabase.sqlproj", "{0EBEF5F4-193E-4FCC-A701-67E094E8FC14}"
EndProject
Global
	GlobalSection(SolutionConfigurationPlatforms) = preSolution
		Debug|Any CPU = Debug|Any CPU
		Release|Any CPU = Release|Any CPU
	EndGlobalSection
	GlobalSection(ProjectConfigurationPlatforms) = postSolution
		{FF375E57-B722-4EF7-8BF3-E8895C087A7C}.Debug|Any CPU.ActiveCfg = Debug|Any CPU
		{FF375E57-B722-4EF7-8BF3-E8895C087A7C}.Debug|Any CPU.Build.0 = Debug|Any CPU
		{FF375E57-B722-4EF7-8BF3-E8895C087A7C}.Release|Any CPU.ActiveCfg = Release|Any CPU
		{FF375E57-B722-4EF7-8BF3-E8895C087A7C}.Release|Any CPU.Build.0 = Release|Any CPU
		{BD6E2200-E691-4100-85E9-BFF1B2EC7625}.Debug|Any CPU.ActiveCfg = Debug|Any CPU
		{BD6E2200-E691-4100-85E9-BFF1B2EC7625}.Debug|Any CPU.Build.0 = Debug|Any CPU
		{BD6E2200-E691-4100-85E9-BFF1B2EC7625}.Release|Any CPU.ActiveCfg = Release|Any CPU
		{BD6E2200-E691-4100-85E9-BFF1B2EC7625}.Release|Any CPU.Build.0 = Release|Any CPU
		{0EBEF5F4-193E-4FCC-A701-67E094E8FC14}.Debug|Any CPU.ActiveCfg = Debug|Any CPU
		{0EBEF5F4-193E-4FCC-A701-67E094E8FC14}.Debug|Any CPU.Build.0 = Debug|Any CPU
		{0EBEF5F4-193E-4FCC-A701-67E094E8FC14}.Debug|Any CPU.Deploy.0 = Debug|Any CPU
		{0EBEF5F4-193E-4FCC-A701-67E094E8FC14}.Release|Any CPU.ActiveCfg = Release|Any CPU
		{0EBEF5F4-193E-4FCC-A701-67E094E8FC14}.Release|Any CPU.Build.0 = Release|Any CPU
		{0EBEF5F4-193E-4FCC-A701-67E094E8FC14}.Release|Any CPU.Deploy.0 = Release|Any CPU
	EndGlobalSection
	GlobalSection(SolutionProperties) = preSolution
		HideSolutionNode = FALSE
	EndGlobalSection
EndGlobal
